// !$*UTF8*$!
{
	archiveVersion = 1;
	classes = {
	};
	objectVersion = 56;
	objects = {

/* Begin PBXBuildFile section */
		A00000000000000000000020 /* SuperRightClickApp.swift in Sources */ = {isa = PBXBuildFile; fileRef = A00000000000000000000010 /* SuperRightClickApp.swift */; };
		A00000000000000000000021 /* ContentView.swift in Sources */ = {isa = PBXBuildFile; fileRef = A00000000000000000000011 /* ContentView.swift */; };
		A00000000000000000000022 /* MenuAction.swift in Sources */ = {isa = PBXBuildFile; fileRef = A00000000000000000000016 /* MenuAction.swift */; };
		A00000000000000000000023 /* FinderSync.framework in Frameworks */ = {isa = PBXBuildFile; fileRef = A00000000000000000000017 /* FinderSync.framework */; };
		A00000000000000000000024 /* FinderSync.swift in Sources */ = {isa = PBXBuildFile; fileRef = A00000000000000000000013 /* FinderSync.swift */; };
		A00000000000000000000025 /* MenuAction.swift in Sources */ = {isa = PBXBuildFile; fileRef = A00000000000000000000016 /* MenuAction.swift */; };
		A00000000000000000000026 /* FinderSync.framework in Frameworks */ = {isa = PBXBuildFile; fileRef = A00000000000000000000017 /* FinderSync.framework */; };
		A00000000000000000000027 /* SuperRightClickFinder.appex in Embed App Extensions */ = {isa = PBXBuildFile; fileRef = A00000000000000000000019 /* SuperRightClickFinder.appex */; settings = {ATTRIBUTES = (CodeSignOnCopy, RemoveHeadersOnCopy, ); }; };
		A00000000000000000000060 /* FeatureServices.swift in Sources */ = {isa = PBXBuildFile; fileRef = A00000000000000000000062 /* FeatureServices.swift */; };
		A00000000000000000000061 /* MenuBuilder.swift in Sources */ = {isa = PBXBuildFile; fileRef = A00000000000000000000063 /* MenuBuilder.swift */; };
		A00000000000000000000070 /* CoreTests.swift in Sources */ = {isa = PBXBuildFile; fileRef = A00000000000000000000074 /* CoreTests.swift */; };
		A00000000000000000000071 /* MenuAction.swift in Sources */ = {isa = PBXBuildFile; fileRef = A00000000000000000000016 /* MenuAction.swift */; };
		A00000000000000000000072 /* FeatureServices.swift in Sources */ = {isa = PBXBuildFile; fileRef = A00000000000000000000062 /* FeatureServices.swift */; };
		A00000000000000000000073 /* XCTest.framework in Frameworks */ = {isa = PBXBuildFile; fileRef = A00000000000000000000076 /* XCTest.framework */; };
		A0000000000000000000007E /* MenuBuilder.swift in Sources */ = {isa = PBXBuildFile; fileRef = A00000000000000000000063 /* MenuBuilder.swift */; };
		A00000000000000000000088 /* InfoPlist.strings in Resources */ = {isa = PBXBuildFile; fileRef = A00000000000000000000080 /* InfoPlist.strings */; };
		A00000000000000000000089 /* InfoPlist.strings in Resources */ = {isa = PBXBuildFile; fileRef = A00000000000000000000084 /* InfoPlist.strings */; };
/* End PBXBuildFile section */

/* Begin PBXContainerItemProxy section */
		A00000000000000000000042 /* PBXContainerItemProxy */ = {
			isa = PBXContainerItemProxy;
			containerPortal = A00000000000000000000001 /* Project object */;
			proxyType = 1;
			remoteGlobalIDString = A00000000000000000000041;
			remoteInfo = SuperRightClickFinder;
		};
/* End PBXContainerItemProxy section */

/* Begin PBXCopyFilesBuildPhase section */
		A00000000000000000000033 /* Embed App Extensions */ = {
			isa = PBXCopyFilesBuildPhase;
			buildActionMask = 2147483647;
			dstPath = "";
			dstSubfolderSpec = 13;
			files = (
				A00000000000000000000027 /* SuperRightClickFinder.appex in Embed App Extensions */,
			);
			name = "Embed App Extensions";
			runOnlyForDeploymentPostprocessing = 0;
		};
/* End PBXCopyFilesBuildPhase section */

/* Begin PBXFileReference section */
		A00000000000000000000010 /* SuperRightClickApp.swift */ = {isa = PBXFileReference; lastKnownFileType = sourcecode.swift; path = SuperRightClickApp.swift; sourceTree = "<group>"; };
		A00000000000000000000011 /* ContentView.swift */ = {isa = PBXFileReference; lastKnownFileType = sourcecode.swift; path = ContentView.swift; sourceTree = "<group>"; };
		A00000000000000000000012 /* Info.plist */ = {isa = PBXFileReference; lastKnownFileType = text.plist.xml; path = Info.plist; sourceTree = "<group>"; };
		A00000000000000000000013 /* FinderSync.swift */ = {isa = PBXFileReference; lastKnownFileType = sourcecode.swift; path = FinderSync.swift; sourceTree = "<group>"; };
		A00000000000000000000014 /* Info.plist */ = {isa = PBXFileReference; lastKnownFileType = text.plist.xml; path = Info.plist; sourceTree = "<group>"; };
		A00000000000000000000015 /* FinderExtension.entitlements */ = {isa = PBXFileReference; lastKnownFileType = text.plist.entitlements; path = FinderExtension.entitlements; sourceTree = "<group>"; };
		A00000000000000000000016 /* MenuAction.swift */ = {isa = PBXFileReference; lastKnownFileType = sourcecode.swift; path = MenuAction.swift; sourceTree = "<group>"; };
		A00000000000000000000017 /* FinderSync.framework */ = {isa = PBXFileReference; lastKnownFileType = wrapper.framework; name = FinderSync.framework; path = System/Library/Frameworks/FinderSync.framework; sourceTree = SDKROOT; };
		A00000000000000000000018 /* SuperRightClick.app */ = {isa = PBXFileReference; explicitFileType = wrapper.application; includeInIndex = 0; path = SuperRightClick.app; sourceTree = BUILT_PRODUCTS_DIR; };
		A00000000000000000000019 /* SuperRightClickFinder.appex */ = {isa = PBXFileReference; explicitFileType = "wrapper.app-extension"; includeInIndex = 0; path = SuperRightClickFinder.appex; sourceTree = BUILT_PRODUCTS_DIR; };
		A00000000000000000000062 /* FeatureServices.swift */ = {isa = PBXFileReference; lastKnownFileType = sourcecode.swift; path = FeatureServices.swift; sourceTree = "<group>"; };
		A00000000000000000000063 /* MenuBuilder.swift */ = {isa = PBXFileReference; lastKnownFileType = sourcecode.swift; path = MenuBuilder.swift; sourceTree = "<group>"; };
		A00000000000000000000074 /* CoreTests.swift */ = {isa = PBXFileReference; lastKnownFileType = sourcecode.swift; path = CoreTests.swift; sourceTree = "<group>"; };
		A00000000000000000000075 /* SuperRightClickTests.xctest */ = {isa = PBXFileReference; explicitFileType = wrapper.cfbundle; includeInIndex = 0; path = SuperRightClickTests.xctest; sourceTree = BUILT_PRODUCTS_DIR; };
		A00000000000000000000076 /* XCTest.framework */ = {isa = PBXFileReference; lastKnownFileType = wrapper.framework; name = XCTest.framework; path = Developer/Library/Frameworks/XCTest.framework; sourceTree = DEVELOPER_DIR; };
		A00000000000000000000081 /* en */ = {isa = PBXFileReference; lastKnownFileType = text.plist.strings; name = en; path = en.lproj/InfoPlist.strings; sourceTree = "<group>"; };
		A00000000000000000000082 /* zh-Hans */ = {isa = PBXFileReference; lastKnownFileType = text.plist.strings; name = "zh-Hans"; path = zh-Hans.lproj/InfoPlist.strings; sourceTree = "<group>"; };
		A00000000000000000000083 /* zh-Hant */ = {isa = PBXFileReference; lastKnownFileType = text.plist.strings; name = "zh-Hant"; path = zh-Hant.lproj/InfoPlist.strings; sourceTree = "<group>"; };
		A00000000000000000000085 /* en */ = {isa = PBXFileReference; lastKnownFileType = text.plist.strings; name = en; path = en.lproj/InfoPlist.strings; sourceTree = "<group>"; };
		A00000000000000000000086 /* zh-Hans */ = {isa = PBXFileReference; lastKnownFileType = text.plist.strings; name = "zh-Hans"; path = zh-Hans.lproj/InfoPlist.strings; sourceTree = "<group>"; };
		A00000000000000000000087 /* zh-Hant */ = {isa = PBXFileReference; lastKnownFileType = text.plist.strings; name = "zh-Hant"; path = zh-Hant.lproj/InfoPlist.strings; sourceTree = "<group>"; };
/* End PBXFileReference section */

/* Begin PBXVariantGroup section */
		A00000000000000000000080 /* InfoPlist.strings */ = {
			isa = PBXVariantGroup;
			children = (
				A00000000000000000000081 /* en */,
				A00000000000000000000082 /* zh-Hans */,
				A00000000000000000000083 /* zh-Hant */,
			);
			name = InfoPlist.strings;
			sourceTree = "<group>";
		};
		A00000000000000000000084 /* InfoPlist.strings */ = {
			isa = PBXVariantGroup;
			children = (
				A00000000000000000000085 /* en */,
				A00000000000000000000086 /* zh-Hans */,
				A00000000000000000000087 /* zh-Hant */,
			);
			name = InfoPlist.strings;
			sourceTree = "<group>";
		};
/* End PBXVariantGroup section */

/* Begin PBXFrameworksBuildPhase section */
		A00000000000000000000031 /* Frameworks */ = {
			isa = PBXFrameworksBuildPhase;
			buildActionMask = 2147483647;
			files = (
				A00000000000000000000023 /* FinderSync.framework in Frameworks */,
			);
			runOnlyForDeploymentPostprocessing = 0;
		};
		A00000000000000000000035 /* Frameworks */ = {
			isa = PBXFrameworksBuildPhase;
			buildActionMask = 2147483647;
			files = (
				A00000000000000000000026 /* FinderSync.framework in Frameworks */,
			);
			runOnlyForDeploymentPostprocessing = 0;
		};
		A00000000000000000000078 /* Frameworks */ = {
			isa = PBXFrameworksBuildPhase;
			buildActionMask = 2147483647;
			files = (
				A00000000000000000000073 /* XCTest.framework in Frameworks */,
			);
			runOnlyForDeploymentPostprocessing = 0;
		};
/* End PBXFrameworksBuildPhase section */

/* Begin PBXGroup section */
		A00000000000000000000002 = {
			isa = PBXGroup;
			children = (
				A00000000000000000000005 /* App */,
				A00000000000000000000006 /* FinderExtension */,
				A00000000000000000000007 /* Shared */,
				A00000000000000000000008 /* Tests */,
				A00000000000000000000004 /* Frameworks */,
				A00000000000000000000003 /* Products */,
			);
			sourceTree = "<group>";
		};
		A00000000000000000000003 /* Products */ = {
			isa = PBXGroup;
			children = (
				A00000000000000000000018 /* SuperRightClick.app */,
				A00000000000000000000019 /* SuperRightClickFinder.appex */,
				A00000000000000000000075 /* SuperRightClickTests.xctest */,
			);
			name = Products;
			sourceTree = "<group>";
		};
		A00000000000000000000004 /* Frameworks */ = {
			isa = PBXGroup;
			children = (
				A00000000000000000000017 /* FinderSync.framework */,
				A00000000000000000000076 /* XCTest.framework */,
			);
			name = Frameworks;
			sourceTree = "<group>";
		};
		A00000000000000000000005 /* App */ = {
			isa = PBXGroup;
			children = (
				A00000000000000000000010 /* SuperRightClickApp.swift */,
				A00000000000000000000011 /* ContentView.swift */,
				A00000000000000000000012 /* Info.plist */,
				A00000000000000000000080 /* InfoPlist.strings */,
			);
			path = App;
			sourceTree = "<group>";
		};
		A00000000000000000000006 /* FinderExtension */ = {
			isa = PBXGroup;
			children = (
				A00000000000000000000013 /* FinderSync.swift */,
				A00000000000000000000062 /* FeatureServices.swift */,
				A00000000000000000000063 /* MenuBuilder.swift */,
				A00000000000000000000014 /* Info.plist */,
				A00000000000000000000084 /* InfoPlist.strings */,
				A00000000000000000000015 /* FinderExtension.entitlements */,
			);
			path = FinderExtension;
			sourceTree = "<group>";
		};
		A00000000000000000000007 /* Shared */ = {
			isa = PBXGroup;
			children = (
				A00000000000000000000016 /* MenuAction.swift */,
			);
			path = Shared;
			sourceTree = "<group>";
		};
		A00000000000000000000008 /* Tests */ = {
			isa = PBXGroup;
			children = (
				A00000000000000000000074 /* CoreTests.swift */,
			);
			path = Tests;
			sourceTree = "<group>";
		};
/* End PBXGroup section */

/* Begin PBXNativeTarget section */
		A00000000000000000000040 /* SuperRightClick */ = {
			isa = PBXNativeTarget;
			buildConfigurationList = A00000000000000000000055 /* Build configuration list for PBXNativeTarget "SuperRightClick" */;
			buildPhases = (
				A00000000000000000000030 /* Sources */,
				A00000000000000000000031 /* Frameworks */,
				A00000000000000000000032 /* Resources */,
				A00000000000000000000033 /* Embed App Extensions */,
			);
			buildRules = (
			);
			dependencies = (
				A00000000000000000000043 /* PBXTargetDependency */,
			);
			name = SuperRightClick;
			productName = SuperRightClick;
			productReference = A00000000000000000000018 /* SuperRightClick.app */;
			productType = "com.apple.product-type.application";
		};
		A00000000000000000000041 /* SuperRightClickFinder */ = {
			isa = PBXNativeTarget;
			buildConfigurationList = A00000000000000000000058 /* Build configuration list for PBXNativeTarget "SuperRightClickFinder" */;
			buildPhases = (
				A00000000000000000000034 /* Sources */,
				A00000000000000000000035 /* Frameworks */,
				A00000000000000000000036 /* Resources */,
			);
			buildRules = (
			);
			dependencies = (
			);
			name = SuperRightClickFinder;
			productName = SuperRightClickFinder;
			productReference = A00000000000000000000019 /* SuperRightClickFinder.appex */;
			productType = "com.apple.product-type.app-extension";
		};
		A0000000000000000000007A /* SuperRightClickTests */ = {
			isa = PBXNativeTarget;
			buildConfigurationList = A0000000000000000000007D /* Build configuration list for PBXNativeTarget "SuperRightClickTests" */;
			buildPhases = (
				A00000000000000000000077 /* Sources */,
				A00000000000000000000078 /* Frameworks */,
				A00000000000000000000079 /* Resources */,
			);
			buildRules = (
			);
			dependencies = (
			);
			name = SuperRightClickTests;
			productName = SuperRightClickTests;
			productReference = A00000000000000000000075 /* SuperRightClickTests.xctest */;
			productType = "com.apple.product-type.bundle.unit-test";
		};
/* End PBXNativeTarget section */

/* Begin PBXProject section */
		A00000000000000000000001 /* Project object */ = {
			isa = PBXProject;
			attributes = {
				BuildIndependentTargetsInParallel = 1;
				LastSwiftUpdateCheck = 2620;
				LastUpgradeCheck = 2620;
				TargetAttributes = {
					A00000000000000000000040 = {
						CreatedOnToolsVersion = 26.2;
					};
					A00000000000000000000041 = {
						CreatedOnToolsVersion = 26.2;
					};
					A0000000000000000000007A = {
						CreatedOnToolsVersion = 26.2;
					};
				};
			};
			buildConfigurationList = A00000000000000000000052 /* Build configuration list for PBXProject "SuperRightClick" */;
			compatibilityVersion = "Xcode 14.0";
			developmentRegion = en;
			hasScannedForEncodings = 0;
			knownRegions = (
				en,
				"zh-Hans",
				"zh-Hant",
				Base,
			);
			mainGroup = A00000000000000000000002;
			productRefGroup = A00000000000000000000003 /* Products */;
			projectDirPath = "";
			projectRoot = "";
			targets = (
				A00000000000000000000040 /* SuperRightClick */,
				A00000000000000000000041 /* SuperRightClickFinder */,
				A0000000000000000000007A /* SuperRightClickTests */,
			);
		};
/* End PBXProject section */

/* Begin PBXResourcesBuildPhase section */
		A00000000000000000000028 /* AppIcon.icns in Resources */ = {isa = PBXBuildFile; fileRef = A0000000000000000000001A /* AppIcon.icns */; };
		A0000000000000000000001A /* AppIcon.icns */ = {isa = PBXFileReference; lastKnownFileType = image.icns; path = App/Resources/AppIcon.icns; sourceTree = SOURCE_ROOT; };
		A00000000000000000000032 /* Resources */ = {
			isa = PBXResourcesBuildPhase;
			buildActionMask = 2147483647;
			files = (
				A00000000000000000000028 /* AppIcon.icns in Resources */,
				A00000000000000000000088 /* InfoPlist.strings in Resources */,
			);
			runOnlyForDeploymentPostprocessing = 0;
		};
		A00000000000000000000036 /* Resources */ = {
			isa = PBXResourcesBuildPhase;
			buildActionMask = 2147483647;
			files = (
				A00000000000000000000089 /* InfoPlist.strings in Resources */,
			);
			runOnlyForDeploymentPostprocessing = 0;
		};
		A00000000000000000000079 /* Resources */ = {
			isa = PBXResourcesBuildPhase;
			buildActionMask = 2147483647;
			files = (
			);
			runOnlyForDeploymentPostprocessing = 0;
		};
/* End PBXResourcesBuildPhase section */

/* Begin PBXSourcesBuildPhase section */
		A00000000000000000000030 /* Sources */ = {
			isa = PBXSourcesBuildPhase;
			buildActionMask = 2147483647;
			files = (
				A00000000000000000000020 /* SuperRightClickApp.swift in Sources */,
				A00000000000000000000021 /* ContentView.swift in Sources */,
				A00000000000000000000022 /* MenuAction.swift in Sources */,
			);
			runOnlyForDeploymentPostprocessing = 0;
		};
		A00000000000000000000034 /* Sources */ = {
			isa = PBXSourcesBuildPhase;
			buildActionMask = 2147483647;
			files = (
				A00000000000000000000024 /* FinderSync.swift in Sources */,
				A00000000000000000000025 /* MenuAction.swift in Sources */,
				A00000000000000000000060 /* FeatureServices.swift in Sources */,
				A00000000000000000000061 /* MenuBuilder.swift in Sources */,
			);
			runOnlyForDeploymentPostprocessing = 0;
		};
		A00000000000000000000077 /* Sources */ = {
			isa = PBXSourcesBuildPhase;
			buildActionMask = 2147483647;
			files = (
				A00000000000000000000070 /* CoreTests.swift in Sources */,
				A00000000000000000000071 /* MenuAction.swift in Sources */,
				A00000000000000000000072 /* FeatureServices.swift in Sources */,
				A0000000000000000000007E /* MenuBuilder.swift in Sources */,
			);
			runOnlyForDeploymentPostprocessing = 0;
		};
/* End PBXSourcesBuildPhase section */

/* Begin PBXTargetDependency section */
		A00000000000000000000043 /* PBXTargetDependency */ = {
			isa = PBXTargetDependency;
			target = A00000000000000000000041 /* SuperRightClickFinder */;
			targetProxy = A00000000000000000000042 /* PBXContainerItemProxy */;
		};
/* End PBXTargetDependency section */

/* Begin XCBuildConfiguration section */
		A00000000000000000000050 /* Debug */ = {
			isa = XCBuildConfiguration;
			buildSettings = {
				ALWAYS_SEARCH_USER_PATHS = NO;
				CLANG_ENABLE_MODULES = YES;
				CLANG_ENABLE_OBJC_ARC = YES;
				CLANG_WARN_BLOCK_CAPTURE_AUTORELEASING = YES;
				CLANG_WARN_BOOL_CONVERSION = YES;
				CLANG_WARN_COMMA = YES;
				CLANG_WARN_CONSTANT_CONVERSION = YES;
				CLANG_WARN_DEPRECATED_OBJC_IMPLEMENTATIONS = YES;
				CLANG_WARN_DIRECT_OBJC_ISA_USAGE = YES_ERROR;
				CLANG_WARN_DOCUMENTATION_COMMENTS = YES;
				CLANG_WARN_EMPTY_BODY = YES;
				CLANG_WARN_ENUM_CONVERSION = YES;
				CLANG_WARN_INFINITE_RECURSION = YES;
				CLANG_WARN_INT_CONVERSION = YES;
				CLANG_WARN_NON_LITERAL_NULL_CONVERSION = YES;
				CLANG_WARN_OBJC_IMPLICIT_RETAIN_SELF = YES;
				CLANG_WARN_OBJC_LITERAL_CONVERSION = YES;
				CLANG_WARN_OBJC_ROOT_CLASS = YES_ERROR;
				CLANG_WARN_QUOTED_INCLUDE_IN_FRAMEWORK_HEADER = YES;
				CLANG_WARN_RANGE_LOOP_ANALYSIS = YES;
				CLANG_WARN_STRICT_PROTOTYPES = YES;
				CLANG_WARN_SUSPICIOUS_MOVE = YES;
				CLANG_WARN_UNGUARDED_AVAILABILITY = YES_AGGRESSIVE;
				CLANG_WARN_UNREACHABLE_CODE = YES;
				CLANG_WARN__DUPLICATE_METHOD_MATCH = YES;
				COPY_PHASE_STRIP = NO;
				DEBUG_INFORMATION_FORMAT = dwarf;
				ENABLE_STRICT_OBJC_MSGSEND = YES;
				ENABLE_TESTABILITY = YES;
				GCC_C_LANGUAGE_STANDARD = gnu17;
				GCC_NO_COMMON_BLOCKS = YES;
				GCC_OPTIMIZATION_LEVEL = 0;
				GCC_PREPROCESSOR_DEFINITIONS = (
					"DEBUG=1",
					"$(inherited)",
				);
				MACOSX_DEPLOYMENT_TARGET = 15.0;
				MTL_ENABLE_DEBUG_INFO = INCLUDE_SOURCE;
				ONLY_ACTIVE_ARCH = YES;
				SDKROOT = macosx;
				SWIFT_ACTIVE_COMPILATION_CONDITIONS = "DEBUG $(inherited)";
				SWIFT_OPTIMIZATION_LEVEL = "-Onone";
			};
			name = Debug;
		};
		A00000000000000000000051 /* Release */ = {
			isa = XCBuildConfiguration;
			buildSettings = {
				ALWAYS_SEARCH_USER_PATHS = NO;
				CLANG_ENABLE_MODULES = YES;
				CLANG_ENABLE_OBJC_ARC = YES;
				CLANG_WARN_BLOCK_CAPTURE_AUTORELEASING = YES;
				CLANG_WARN_BOOL_CONVERSION = YES;
				CLANG_WARN_COMMA = YES;
				CLANG_WARN_CONSTANT_CONVERSION = YES;
				CLANG_WARN_DEPRECATED_OBJC_IMPLEMENTATIONS = YES;
				CLANG_WARN_DIRECT_OBJC_ISA_USAGE = YES_ERROR;
				CLANG_WARN_DOCUMENTATION_COMMENTS = YES;
				CLANG_WARN_EMPTY_BODY = YES;
				CLANG_WARN_ENUM_CONVERSION = YES;
				CLANG_WARN_INFINITE_RECURSION = YES;
				CLANG_WARN_INT_CONVERSION = YES;
				CLANG_WARN_NON_LITERAL_NULL_CONVERSION = YES;
				CLANG_WARN_OBJC_IMPLICIT_RETAIN_SELF = YES;
				CLANG_WARN_OBJC_LITERAL_CONVERSION = YES;
				CLANG_WARN_OBJC_ROOT_CLASS = YES_ERROR;
				CLANG_WARN_QUOTED_INCLUDE_IN_FRAMEWORK_HEADER = YES;
				CLANG_WARN_RANGE_LOOP_ANALYSIS = YES;
				CLANG_WARN_STRICT_PROTOTYPES = YES;
				CLANG_WARN_SUSPICIOUS_MOVE = YES;
				CLANG_WARN_UNGUARDED_AVAILABILITY = YES_AGGRESSIVE;
				CLANG_WARN_UNREACHABLE_CODE = YES;
				CLANG_WARN__DUPLICATE_METHOD_MATCH = YES;
				COPY_PHASE_STRIP = NO;
				DEBUG_INFORMATION_FORMAT = "dwarf-with-dsym";
				ENABLE_NS_ASSERTIONS = NO;
				ENABLE_STRICT_OBJC_MSGSEND = YES;
				GCC_C_LANGUAGE_STANDARD = gnu17;
				GCC_NO_COMMON_BLOCKS = YES;
				MACOSX_DEPLOYMENT_TARGET = 15.0;
				MTL_ENABLE_DEBUG_INFO = NO;
				SDKROOT = macosx;
				SWIFT_COMPILATION_MODE = wholemodule;
			};
			name = Release;
		};
		A00000000000000000000053 /* Debug */ = {
			isa = XCBuildConfiguration;
			buildSettings = {
				CODE_SIGN_IDENTITY = "-";
				CODE_SIGN_STYLE = Manual;
				COMBINE_HIDPI_IMAGES = YES;
				CURRENT_PROJECT_VERSION = 1;
				ENABLE_APP_SANDBOX = NO;
				ENABLE_HARDENED_RUNTIME = YES;
				GENERATE_INFOPLIST_FILE = NO;
				INFOPLIST_FILE = App/Info.plist;
				LD_RUNPATH_SEARCH_PATHS = (
					"$(inherited)",
					"@executable_path/../Frameworks",
				);
				MARKETING_VERSION = 0.2.0;
				PRODUCT_BUNDLE_IDENTIFIER = local.SuperRightClick;
				PRODUCT_NAME = "$(TARGET_NAME)";
				SWIFT_EMIT_LOC_STRINGS = YES;
				SWIFT_VERSION = 6.0;
			};
			name = Debug;
		};
		A00000000000000000000054 /* Release */ = {
			isa = XCBuildConfiguration;
			buildSettings = {
				CODE_SIGN_IDENTITY = "-";
				CODE_SIGN_STYLE = Manual;
				COMBINE_HIDPI_IMAGES = YES;
				CURRENT_PROJECT_VERSION = 1;
				ENABLE_APP_SANDBOX = NO;
				ENABLE_HARDENED_RUNTIME = YES;
				GENERATE_INFOPLIST_FILE = NO;
				INFOPLIST_FILE = App/Info.plist;
				LD_RUNPATH_SEARCH_PATHS = (
					"$(inherited)",
					"@executable_path/../Frameworks",
				);
				MARKETING_VERSION = 0.2.0;
				PRODUCT_BUNDLE_IDENTIFIER = local.SuperRightClick;
				PRODUCT_NAME = "$(TARGET_NAME)";
				SWIFT_EMIT_LOC_STRINGS = YES;
				SWIFT_VERSION = 6.0;
			};
			name = Release;
		};
		A00000000000000000000056 /* Debug */ = {
			isa = XCBuildConfiguration;
			buildSettings = {
				APPLICATION_EXTENSION_API_ONLY = YES;
				CODE_SIGN_ENTITLEMENTS = FinderExtension/FinderExtension.entitlements;
				CODE_SIGN_IDENTITY = "-";
				CODE_SIGN_STYLE = Manual;
				CURRENT_PROJECT_VERSION = 1;
				ENABLE_APP_SANDBOX = YES;
				ENABLE_HARDENED_RUNTIME = YES;
				GENERATE_INFOPLIST_FILE = NO;
				INFOPLIST_FILE = FinderExtension/Info.plist;
				LD_RUNPATH_SEARCH_PATHS = (
					"$(inherited)",
					"@executable_path/../../../../Frameworks",
					"@executable_path/../Frameworks",
				);
				MARKETING_VERSION = 0.2.0;
				PRODUCT_BUNDLE_IDENTIFIER = local.SuperRightClick.FinderExtension;
				PRODUCT_NAME = SuperRightClickFinder;
				SKIP_INSTALL = YES;
				SWIFT_EMIT_LOC_STRINGS = YES;
				SWIFT_VERSION = 6.0;
			};
			name = Debug;
		};
		A00000000000000000000057 /* Release */ = {
			isa = XCBuildConfiguration;
			buildSettings = {
				APPLICATION_EXTENSION_API_ONLY = YES;
				CODE_SIGN_ENTITLEMENTS = FinderExtension/FinderExtension.entitlements;
				CODE_SIGN_IDENTITY = "-";
				CODE_SIGN_STYLE = Manual;
				CURRENT_PROJECT_VERSION = 1;
				ENABLE_APP_SANDBOX = YES;
				ENABLE_HARDENED_RUNTIME = YES;
				GENERATE_INFOPLIST_FILE = NO;
				INFOPLIST_FILE = FinderExtension/Info.plist;
				LD_RUNPATH_SEARCH_PATHS = (
					"$(inherited)",
					"@executable_path/../../../../Frameworks",
					"@executable_path/../Frameworks",
				);
				MARKETING_VERSION = 0.2.0;
				PRODUCT_BUNDLE_IDENTIFIER = local.SuperRightClick.FinderExtension;
				PRODUCT_NAME = SuperRightClickFinder;
				SKIP_INSTALL = YES;
				SWIFT_EMIT_LOC_STRINGS = YES;
				SWIFT_VERSION = 6.0;
			};
			name = Release;
		};
		A0000000000000000000007B /* Debug */ = {
			isa = XCBuildConfiguration;
			buildSettings = {
				CLANG_ENABLE_MODULES = YES;
				CODE_SIGN_IDENTITY = "-";
				CODE_SIGN_STYLE = Manual;
				ENABLE_APP_SANDBOX = NO;
				GENERATE_INFOPLIST_FILE = YES;
				MACOSX_DEPLOYMENT_TARGET = 15.0;
				PRODUCT_BUNDLE_IDENTIFIER = local.SuperRightClickTests;
				PRODUCT_NAME = "$(TARGET_NAME)";
				SDKROOT = macosx;
				SWIFT_VERSION = 6.0;
			};
			name = Debug;
		};
		A0000000000000000000007C /* Release */ = {
			isa = XCBuildConfiguration;
			buildSettings = {
				CLANG_ENABLE_MODULES = YES;
				CODE_SIGN_IDENTITY = "-";
				CODE_SIGN_STYLE = Manual;
				ENABLE_APP_SANDBOX = NO;
				GENERATE_INFOPLIST_FILE = YES;
				MACOSX_DEPLOYMENT_TARGET = 15.0;
				PRODUCT_BUNDLE_IDENTIFIER = local.SuperRightClickTests;
				PRODUCT_NAME = "$(TARGET_NAME)";
				SDKROOT = macosx;
				SWIFT_VERSION = 6.0;
			};
			name = Release;
		};
/* End XCBuildConfiguration section */

/* Begin XCConfigurationList section */
		A00000000000000000000052 /* Build configuration list for PBXProject "SuperRightClick" */ = {
			isa = XCConfigurationList;
			buildConfigurations = (
				A00000000000000000000050 /* Debug */,
				A00000000000000000000051 /* Release */,
			);
			defaultConfigurationIsVisible = 0;
			defaultConfigurationName = Release;
		};
		A00000000000000000000055 /* Build configuration list for PBXNativeTarget "SuperRightClick" */ = {
			isa = XCConfigurationList;
			buildConfigurations = (
				A00000000000000000000053 /* Debug */,
				A00000000000000000000054 /* Release */,
			);
			defaultConfigurationIsVisible = 0;
			defaultConfigurationName = Release;
		};
		A00000000000000000000058 /* Build configuration list for PBXNativeTarget "SuperRightClickFinder" */ = {
			isa = XCConfigurationList;
			buildConfigurations = (
				A00000000000000000000056 /* Debug */,
				A00000000000000000000057 /* Release */,
			);
			defaultConfigurationIsVisible = 0;
			defaultConfigurationName = Release;
		};
		A0000000000000000000007D /* Build configuration list for PBXNativeTarget "SuperRightClickTests" */ = {
			isa = XCConfigurationList;
			buildConfigurations = (
				A0000000000000000000007B /* Debug */,
				A0000000000000000000007C /* Release */,
			);
			defaultConfigurationIsVisible = 0;
			defaultConfigurationName = Release;
		};
/* End XCConfigurationList section */
	};
	rootObject = A00000000000000000000001 /* Project object */;
}
